
Microsoft Visual Studio Solution File, Format Version 12.00
# Visual Studio Version 17
VisualStudioVersion = 17.14.36623.8
MinimumVisualStudioVersion = 10.0.40219.1
Project("{8BC9CEB8-8B4A-11D0-8D11-00A0C91BC942}") = "Client", "Client\Client.vcxproj", "{984FBC6D-02F8-405D-A83F-10CF88E66043}"
	ProjectSection(ProjectDependencies) = postProject
		{08BAD26B-AC99-4BB3-AE19-AD45EA6AE0DD} = {08BAD26B-AC99-4BB3-AE19-AD45EA6AE0DD}
		{1F420823-43E6-45B8-9C44-872C255CB8EA} = {1F420823-43E6-45B8-9C44-872C255CB8EA}
		{271A71DC-0C74-48FC-82B6-AB7103B03E5D} = {271A71DC-0C74-48FC-82B6-AB7103B03E5D}
		{2ED73DDD-D219-4146-B434-7EBE589AF962} = {2ED73DDD-D219-4146-B434-7EBE589AF962}
		{3E4B494C-B593-4854-B637-7219BAFECE3A} = {3E4B494C-B593-4854-B637-7219BAFECE3A}
		{4DA6D888-E0F5-44E3-A97C-835EF86ED839} = {4DA6D888-E0F5-44E3-A97C-835EF86ED839}
		{53A9E84D-CD5D-4E26-9F02-067D50E0491B} = {53A9E84D-CD5D-4E26-9F02-067D50E0491B}
		{662F1DFA-5F04-4FB5-9086-B2F685D544D4} = {662F1DFA-5F04-4FB5-9086-B2F685D544D4}
		{6906E888-3466-490A-B4A7-EE0F85295ACC} = {6906E888-3466-490A-B4A7-EE0F85295ACC}
		{80F84D69-0BC3-433E-AE48-EB3B9A98CE69} = {80F84D69-0BC3-433E-AE48-EB3B9A98CE69}
		{9916A65E-9AE7-420D-8BBA-02E035AF6EE1} = {9916A65E-9AE7-420D-8BBA-02E035AF6EE1}
		{AD51EC39-7B20-4A28-86A8-A9AD43E3F2F6} = {AD51EC39-7B20-4A28-86A8-A9AD43E3F2F6}
		{B8D5972C-004E-46C0-960C-72C1F0117F4E} = {B8D5972C-004E-46C0-960C-72C1F0117F4E}
		{D1AAED37-425B-405F-AC6A-53CE4471ACBD} = {D1AAED37-425B-405F-AC6A-53CE4471ACBD}
		{D313D610-559C-441A-BE7F-6C4318D53351} = {D313D610-559C-441A-BE7F-6C4318D53351}
		{D7488CC3-B7BA-4BAF-8D79-D0056BF5E52A} = {D7488CC3-B7BA-4BAF-8D79-D0056BF5E52A}
		{E05E86E8-AE0F-4F5F-8D66-3E2F0C25B921} = {E05E86E8-AE0F-4F5F-8D66-3E2F0C25B921}
		{F65D25D2-5BF0-4D0F-A863-E2CB7CA41F41} = {F65D25D2-5BF0-4D0F-A863-E2CB7CA41F41}
		{F89FB82B-0038-4467-816C-50CF09ADBFB4} = {F89FB82B-0038-4467-816C-50CF09ADBFB4}
	EndProjectSection
EndProject
Project("{8BC9CEB8-8B4A-11D0-8D11-00A0C91BC942}") = "Server", "Server\Server.vcxproj", "{C3958000-5229-4357-A052-EC4919DE8BCA}"
	ProjectSection(ProjectDependencies) = postProject
		{08BAD26B-AC99-4BB3-AE19-AD45EA6AE0DD} = {08BAD26B-AC99-4BB3-AE19-AD45EA6AE0DD}
		{271A71DC-0C74-48FC-82B6-AB7103B03E5D} = {271A71DC-0C74-48FC-82B6-AB7103B03E5D}
		{3E4B494C-B593-4854-B637-7219BAFECE3A} = {3E4B494C-B593-4854-B637-7219BAFECE3A}
		{4DA6D888-E0F5-44E3-A97C-835EF86ED839} = {4DA6D888-E0F5-44E3-A97C-835EF86ED839}
		{6906E888-3466-490A-B4A7-EE0F85295ACC} = {6906E888-3466-490A-B4A7-EE0F85295ACC}
		{AD51EC39-7B20-4A28-86A8-A9AD43E3F2F6} = {AD51EC39-7B20-4A28-86A8-A9AD43E3F2F6}
		{B8D5972C-004E-46C0-960C-72C1F0117F4E} = {B8D5972C-004E-46C0-960C-72C1F0117F4E}
		{D313D610-559C-441A-BE7F-6C4318D53351} = {D313D610-559C-441A-BE7F-6C4318D53351}
		{E05E86E8-AE0F-4F5F-8D66-3E2F0C25B921} = {E05E86E8-AE0F-4F5F-8D66-3E2F0C25B921}
		{F89FB82B-0038-4467-816C-50CF09ADBFB4} = {F89FB82B-0038-4467-816C-50CF09ADBFB4}
	EndProjectSection
EndProject
Project("{8BC9CEB8-8B4A-11D0-8D11-00A0C91BC942}") = "Core", "Core\Core.vcxproj", "{F89FB82B-0038-4467-816C-50CF09ADBFB4}"
EndProject
Project("{8BC9CEB8-8B4A-11D0-8D11-00A0C91BC942}") = "Game", "Game\Game.vcxproj", "{2ED73DDD-D219-4146-B434-7EBE589AF962}"
	ProjectSection(ProjectDependencies) = postProject
		{E05E86E8-AE0F-4F5F-8D66-3E2F0C25B921} = {E05E86E8-AE0F-4F5F-8D66-3E2F0C25B921}
		{F89FB82B-0038-4467-816C-50CF09ADBFB4} = {F89FB82B-0038-4467-816C-50CF09ADBFB4}
	EndProjectSection
EndProject
Project("{8BC9CEB8-8B4A-11D0-8D11-00A0C91BC942}") = "Net", "Net\Net.vcxproj", "{AD51EC39-7B20-4A28-86A8-A9AD43E3F2F6}"
	ProjectSection(ProjectDependencies) = postProject
		{E05E86E8-AE0F-4F5F-8D66-3E2F0C25B921} = {E05E86E8-AE0F-4F5F-8D66-3E2F0C25B921}
		{F89FB82B-0038-4467-816C-50CF09ADBFB4} = {F89FB82B-0038-4467-816C-50CF09ADBFB4}
	EndProjectSection
EndProject
Project("{8BC9CEB8-8B4A-11D0-8D11-00A0C91BC942}") = "Phys", "Phys\Physics.vcxproj", "{6906E888-3466-490A-B4A7-EE0F85295ACC}"
	ProjectSection(ProjectDependencies) = postProject
		{E05E86E8-AE0F-4F5F-8D66-3E2F0C25B921} = {E05E86E8-AE0F-4F5F-8D66-3E2F0C25B921}
		{F89FB82B-0038-4467-816C-50CF09ADBFB4} = {F89FB82B-0038-4467-816C-50CF09ADBFB4}
	EndProjectSection
EndProject
Project("{8BC9CEB8-8B4A-11D0-8D11-00A0C91BC942}") = "Context", "Context\Context.vcxproj", "{E05E86E8-AE0F-4F5F-8D66-3E2F0C25B921}"
	ProjectSection(ProjectDependencies) = postProject
		{F89FB82B-0038-4467-816C-50CF09ADBFB4} = {F89FB82B-0038-4467-816C-50CF09ADBFB4}
	EndProjectSection
EndProject
Project("{8BC9CEB8-8B4A-11D0-8D11-00A0C91BC942}") = "Input", "Input\Input.vcxproj", "{9916A65E-9AE7-420D-8BBA-02E035AF6EE1}"
	ProjectSection(ProjectDependencies) = postProject
		{E05E86E8-AE0F-4F5F-8D66-3E2F0C25B921} = {E05E86E8-AE0F-4F5F-8D66-3E2F0C25B921}
		{F89FB82B-0038-4467-816C-50CF09ADBFB4} = {F89FB82B-0038-4467-816C-50CF09ADBFB4}
	EndProjectSection
EndProject
Project("{8BC9CEB8-8B4A-11D0-8D11-00A0C91BC942}") = "Thread", "Thread\Thread.vcxproj", "{3E4B494C-B593-4854-B637-7219BAFECE3A}"
	ProjectSection(ProjectDependencies) = postProject
		{E05E86E8-AE0F-4F5F-8D66-3E2F0C25B921} = {E05E86E8-AE0F-4F5F-8D66-3E2F0C25B921}
		{F89FB82B-0038-4467-816C-50CF09ADBFB4} = {F89FB82B-0038-4467-816C-50CF09ADBFB4}
	EndProjectSection
EndProject
Project("{8BC9CEB8-8B4A-11D0-8D11-00A0C91BC942}") = "Time", "Time\Time.vcxproj", "{4DA6D888-E0F5-44E3-A97C-835EF86ED839}"
	ProjectSection(ProjectDependencies) = postProject
		{E05E86E8-AE0F-4F5F-8D66-3E2F0C25B921} = {E05E86E8-AE0F-4F5F-8D66-3E2F0C25B921}
		{F89FB82B-0038-4467-816C-50CF09ADBFB4} = {F89FB82B-0038-4467-816C-50CF09ADBFB4}
	EndProjectSection
EndProject
Project("{8BC9CEB8-8B4A-11D0-8D11-00A0C91BC942}") = "Serialize", "Serialize\Serialize.vcxproj", "{08BAD26B-AC99-4BB3-AE19-AD45EA6AE0DD}"
	ProjectSection(ProjectDependencies) = postProject
		{E05E86E8-AE0F-4F5F-8D66-3E2F0C25B921} = {E05E86E8-AE0F-4F5F-8D66-3E2F0C25B921}
		{F89FB82B-0038-4467-816C-50CF09ADBFB4} = {F89FB82B-0038-4467-816C-50CF09ADBFB4}
	EndProjectSection
EndProject
Project("{8BC9CEB8-8B4A-11D0-8D11-00A0C91BC942}") = "Log", "Log\Log.vcxproj", "{D313D610-559C-441A-BE7F-6C4318D53351}"
	ProjectSection(ProjectDependencies) = postProject
		{E05E86E8-AE0F-4F5F-8D66-3E2F0C25B921} = {E05E86E8-AE0F-4F5F-8D66-3E2F0C25B921}
		{F89FB82B-0038-4467-816C-50CF09ADBFB4} = {F89FB82B-0038-4467-816C-50CF09ADBFB4}
	EndProjectSection
EndProject
Project("{8BC9CEB8-8B4A-11D0-8D11-00A0C91BC942}") = "Window", "Window\Window.vcxproj", "{D7488CC3-B7BA-4BAF-8D79-D0056BF5E52A}"
	ProjectSection(ProjectDependencies) = postProject
		{E05E86E8-AE0F-4F5F-8D66-3E2F0C25B921} = {E05E86E8-AE0F-4F5F-8D66-3E2F0C25B921}
		{F89FB82B-0038-4467-816C-50CF09ADBFB4} = {F89FB82B-0038-4467-816C-50CF09ADBFB4}
	EndProjectSection
EndProject
Project("{8BC9CEB8-8B4A-11D0-8D11-00A0C91BC942}") = "Event", "Event\Event.vcxproj", "{B8D5972C-004E-46C0-960C-72C1F0117F4E}"
	ProjectSection(ProjectDependencies) = postProject
		{F89FB82B-0038-4467-816C-50CF09ADBFB4} = {F89FB82B-0038-4467-816C-50CF09ADBFB4}
	EndProjectSection
EndProject
Project("{8BC9CEB8-8B4A-11D0-8D11-00A0C91BC942}") = "Render", "Render\Renderer.vcxproj", "{D1AAED37-425B-405F-AC6A-53CE4471ACBD}"
	ProjectSection(ProjectDependencies) = postProject
		{E05E86E8-AE0F-4F5F-8D66-3E2F0C25B921} = {E05E86E8-AE0F-4F5F-8D66-3E2F0C25B921}
		{F89FB82B-0038-4467-816C-50CF09ADBFB4} = {F89FB82B-0038-4467-816C-50CF09ADBFB4}
	EndProjectSection
EndProject
Project("{8BC9CEB8-8B4A-11D0-8D11-00A0C91BC942}") = "Config", "Config\Config.vcxproj", "{F65D25D2-5BF0-4D0F-A863-E2CB7CA41F41}"
	ProjectSection(ProjectDependencies) = postProject
		{E05E86E8-AE0F-4F5F-8D66-3E2F0C25B921} = {E05E86E8-AE0F-4F5F-8D66-3E2F0C25B921}
		{F89FB82B-0038-4467-816C-50CF09ADBFB4} = {F89FB82B-0038-4467-816C-50CF09ADBFB4}
	EndProjectSection
EndProject
Project("{8BC9CEB8-8B4A-11D0-8D11-00A0C91BC942}") = "Asset", "Asset\Asset.vcxproj", "{662F1DFA-5F04-4FB5-9086-B2F685D544D4}"
	ProjectSection(ProjectDependencies) = postProject
		{E05E86E8-AE0F-4F5F-8D66-3E2F0C25B921} = {E05E86E8-AE0F-4F5F-8D66-3E2F0C25B921}
		{F89FB82B-0038-4467-816C-50CF09ADBFB4} = {F89FB82B-0038-4467-816C-50CF09ADBFB4}
	EndProjectSection
EndProject
Project("{8BC9CEB8-8B4A-11D0-8D11-00A0C91BC942}") = "Task", "Task\Task.vcxproj", "{271A71DC-0C74-48FC-82B6-AB7103B03E5D}"
	ProjectSection(ProjectDependencies) = postProject
		{E05E86E8-AE0F-4F5F-8D66-3E2F0C25B921} = {E05E86E8-AE0F-4F5F-8D66-3E2F0C25B921}
		{F89FB82B-0038-4467-816C-50CF09ADBFB4} = {F89FB82B-0038-4467-816C-50CF09ADBFB4}
	EndProjectSection
EndProject
Project("{8BC9CEB8-8B4A-11D0-8D11-00A0C91BC942}") = "TileEdit", "TileEdit\TileEdit.vcxproj", "{80F84D69-0BC3-433E-AE48-EB3B9A98CE69}"
EndProject
Project("{8BC9CEB8-8B4A-11D0-8D11-00A0C91BC942}") = "Bin2C", "Bin2C\Bin2C.vcxproj", "{DE862242-A83A-458B-B3D9-5937988F8CF9}"
EndProject
Project("{8BC9CEB8-8B4A-11D0-8D11-00A0C91BC942}") = "Audio", "Audio\Audio.vcxproj", "{53A9E84D-CD5D-4E26-9F02-067D50E0491B}"
EndProject
Project("{8BC9CEB8-8B4A-11D0-8D11-00A0C91BC942}") = "Script", "Script\Script.vcxproj", "{1F420823-43E6-45B8-9C44-872C255CB8EA}"
	ProjectSection(ProjectDependencies) = postProject
		{E05E86E8-AE0F-4F5F-8D66-3E2F0C25B921} = {E05E86E8-AE0F-4F5F-8D66-3E2F0C25B921}
		{F89FB82B-0038-4467-816C-50CF09ADBFB4} = {F89FB82B-0038-4467-816C-50CF09ADBFB4}
	EndProjectSection
EndProject
Global
	GlobalSection(SolutionConfigurationPlatforms) = preSolution
		Debug|x64 = Debug|x64
		Debug|x86 = Debug|x86
		Release|x64 = Release|x64
		Release|x86 = Release|x86
	EndGlobalSection
	GlobalSection(ProjectConfigurationPlatforms) = postSolution
		{984FBC6D-02F8-405D-A83F-10CF88E66043}.Debug|x64.ActiveCfg = Debug|x64
		{984FBC6D-02F8-405D-A83F-10CF88E66043}.Debug|x64.Build.0 = Debug|x64
		{984FBC6D-02F8-405D-A83F-10CF88E66043}.Debug|x86.ActiveCfg = Debug|Win32
		{984FBC6D-02F8-405D-A83F-10CF88E66043}.Debug|x86.Build.0 = Debug|Win32
		{984FBC6D-02F8-405D-A83F-10CF88E66043}.Release|x64.ActiveCfg = Release|x64
		{984FBC6D-02F8-405D-A83F-10CF88E66043}.Release|x64.Build.0 = Release|x64
		{984FBC6D-02F8-405D-A83F-10CF88E66043}.Release|x86.ActiveCfg = Release|Win32
		{984FBC6D-02F8-405D-A83F-10CF88E66043}.Release|x86.Build.0 = Release|Win32
		{C3958000-5229-4357-A052-EC4919DE8BCA}.Debug|x64.ActiveCfg = Debug|x64
		{C3958000-5229-4357-A052-EC4919DE8BCA}.Debug|x64.Build.0 = Debug|x64
		{C3958000-5229-4357-A052-EC4919DE8BCA}.Debug|x86.ActiveCfg = Debug|Win32
		{C3958000-5229-4357-A052-EC4919DE8BCA}.Debug|x86.Build.0 = Debug|Win32
		{C3958000-5229-4357-A052-EC4919DE8BCA}.Release|x64.ActiveCfg = Release|x64
		{C3958000-5229-4357-A052-EC4919DE8BCA}.Release|x64.Build.0 = Release|x64
		{C3958000-5229-4357-A052-EC4919DE8BCA}.Release|x86.ActiveCfg = Release|Win32
		{C3958000-5229-4357-A052-EC4919DE8BCA}.Release|x86.Build.0 = Release|Win32
		{F89FB82B-0038-4467-816C-50CF09ADBFB4}.Debug|x64.ActiveCfg = Debug|x64
		{F89FB82B-0038-4467-816C-50CF09ADBFB4}.Debug|x64.Build.0 = Debug|x64
		{F89FB82B-0038-4467-816C-50CF09ADBFB4}.Debug|x86.ActiveCfg = Debug|Win32
		{F89FB82B-0038-4467-816C-50CF09ADBFB4}.Debug|x86.Build.0 = Debug|Win32
		{F89FB82B-0038-4467-816C-50CF09ADBFB4}.Release|x64.ActiveCfg = Release|x64
		{F89FB82B-0038-4467-816C-50CF09ADBFB4}.Release|x64.Build.0 = Release|x64
		{F89FB82B-0038-4467-816C-50CF09ADBFB4}.Release|x86.ActiveCfg = Release|Win32
		{F89FB82B-0038-4467-816C-50CF09ADBFB4}.Release|x86.Build.0 = Release|Win32
		{2ED73DDD-D219-4146-B434-7EBE589AF962}.Debug|x64.ActiveCfg = Debug|x64
		{2ED73DDD-D219-4146-B434-7EBE589AF962}.Debug|x64.Build.0 = Debug|x64
		{2ED73DDD-D219-4146-B434-7EBE589AF962}.Debug|x86.ActiveCfg = Debug|Win32
		{2ED73DDD-D219-4146-B434-7EBE589AF962}.Debug|x86.Build.0 = Debug|Win32
		{2ED73DDD-D219-4146-B434-7EBE589AF962}.Release|x64.ActiveCfg = Release|x64
		{2ED73DDD-D219-4146-B434-7EBE589AF962}.Release|x64.Build.0 = Release|x64
		{2ED73DDD-D219-4146-B434-7EBE589AF962}.Release|x86.ActiveCfg = Release|Win32
		{2ED73DDD-D219-4146-B434-7EBE589AF962}.Release|x86.Build.0 = Release|Win32
		{AD51EC39-7B20-4A28-86A8-A9AD43E3F2F6}.Debug|x64.ActiveCfg = Debug|x64
		{AD51EC39-7B20-4A28-86A8-A9AD43E3F2F6}.Debug|x64.Build.0 = Debug|x64
		{AD51EC39-7B20-4A28-86A8-A9AD43E3F2F6}.Debug|x86.ActiveCfg = Debug|Win32
		{AD51EC39-7B20-4A28-86A8-A9AD43E3F2F6}.Debug|x86.Build.0 = Debug|Win32
		{AD51EC39-7B20-4A28-86A8-A9AD43E3F2F6}.Release|x64.ActiveCfg = Release|x64
		{AD51EC39-7B20-4A28-86A8-A9AD43E3F2F6}.Release|x64.Build.0 = Release|x64
		{AD51EC39-7B20-4A28-86A8-A9AD43E3F2F6}.Release|x86.ActiveCfg = Release|Win32
		{AD51EC39-7B20-4A28-86A8-A9AD43E3F2F6}.Release|x86.Build.0 = Release|Win32
		{6906E888-3466-490A-B4A7-EE0F85295ACC}.Debug|x64.ActiveCfg = Debug|x64
		{6906E888-3466-490A-B4A7-EE0F85295ACC}.Debug|x64.Build.0 = Debug|x64
		{6906E888-3466-490A-B4A7-EE0F85295ACC}.Debug|x86.ActiveCfg = Debug|Win32
		{6906E888-3466-490A-B4A7-EE0F85295ACC}.Debug|x86.Build.0 = Debug|Win32
		{6906E888-3466-490A-B4A7-EE0F85295ACC}.Release|x64.ActiveCfg = Release|x64
		{6906E888-3466-490A-B4A7-EE0F85295ACC}.Release|x64.Build.0 = Release|x64
		{6906E888-3466-490A-B4A7-EE0F85295ACC}.Release|x86.ActiveCfg = Release|Win32
		{6906E888-3466-490A-B4A7-EE0F85295ACC}.Release|x86.Build.0 = Release|Win32
		{E05E86E8-AE0F-4F5F-8D66-3E2F0C25B921}.Debug|x64.ActiveCfg = Debug|x64
		{E05E86E8-AE0F-4F5F-8D66-3E2F0C25B921}.Debug|x64.Build.0 = Debug|x64
		{E05E86E8-AE0F-4F5F-8D66-3E2F0C25B921}.Debug|x86.ActiveCfg = Debug|Win32
		{E05E86E8-AE0F-4F5F-8D66-3E2F0C25B921}.Debug|x86.Build.0 = Debug|Win32
		{E05E86E8-AE0F-4F5F-8D66-3E2F0C25B921}.Release|x64.ActiveCfg = Release|x64
		{E05E86E8-AE0F-4F5F-8D66-3E2F0C25B921}.Release|x64.Build.0 = Release|x64
		{E05E86E8-AE0F-4F5F-8D66-3E2F0C25B921}.Release|x86.ActiveCfg = Release|Win32
		{E05E86E8-AE0F-4F5F-8D66-3E2F0C25B921}.Release|x86.Build.0 = Release|Win32
		{9916A65E-9AE7-420D-8BBA-02E035AF6EE1}.Debug|x64.ActiveCfg = Debug|x64
		{9916A65E-9AE7-420D-8BBA-02E035AF6EE1}.Debug|x64.Build.0 = Debug|x64
		{9916A65E-9AE7-420D-8BBA-02E035AF6EE1}.Debug|x86.ActiveCfg = Debug|Win32
		{9916A65E-9AE7-420D-8BBA-02E035AF6EE1}.Debug|x86.Build.0 = Debug|Win32
		{9916A65E-9AE7-420D-8BBA-02E035AF6EE1}.Release|x64.ActiveCfg = Release|x64
		{9916A65E-9AE7-420D-8BBA-02E035AF6EE1}.Release|x64.Build.0 = Release|x64
		{9916A65E-9AE7-420D-8BBA-02E035AF6EE1}.Release|x86.ActiveCfg = Release|Win32
		{9916A65E-9AE7-420D-8BBA-02E035AF6EE1}.Release|x86.Build.0 = Release|Win32
		{3E4B494C-B593-4854-B637-7219BAFECE3A}.Debug|x64.ActiveCfg = Debug|x64
		{3E4B494C-B593-4854-B637-7219BAFECE3A}.Debug|x64.Build.0 = Debug|x64
		{3E4B494C-B593-4854-B637-7219BAFECE3A}.Debug|x86.ActiveCfg = Debug|Win32
		{3E4B494C-B593-4854-B637-7219BAFECE3A}.Debug|x86.Build.0 = Debug|Win32
		{3E4B494C-B593-4854-B637-7219BAFECE3A}.Release|x64.ActiveCfg = Release|x64
		{3E4B494C-B593-4854-B637-7219BAFECE3A}.Release|x64.Build.0 = Release|x64
		{3E4B494C-B593-4854-B637-7219BAFECE3A}.Release|x86.ActiveCfg = Release|Win32
		{3E4B494C-B593-4854-B637-7219BAFECE3A}.Release|x86.Build.0 = Release|Win32
		{4DA6D888-E0F5-44E3-A97C-835EF86ED839}.Debug|x64.ActiveCfg = Debug|x64
		{4DA6D888-E0F5-44E3-A97C-835EF86ED839}.Debug|x64.Build.0 = Debug|x64
		{4DA6D888-E0F5-44E3-A97C-835EF86ED839}.Debug|x86.ActiveCfg = Debug|Win32
		{4DA6D888-E0F5-44E3-A97C-835EF86ED839}.Debug|x86.Build.0 = Debug|Win32
		{4DA6D888-E0F5-44E3-A97C-835EF86ED839}.Release|x64.ActiveCfg = Release|x64
		{4DA6D888-E0F5-44E3-A97C-835EF86ED839}.Release|x64.Build.0 = Release|x64
		{4DA6D888-E0F5-44E3-A97C-835EF86ED839}.Release|x86.ActiveCfg = Release|Win32
		{4DA6D888-E0F5-44E3-A97C-835EF86ED839}.Release|x86.Build.0 = Release|Win32
		{08BAD26B-AC99-4BB3-AE19-AD45EA6AE0DD}.Debug|x64.ActiveCfg = Debug|x64
		{08BAD26B-AC99-4BB3-AE19-AD45EA6AE0DD}.Debug|x64.Build.0 = Debug|x64
		{08BAD26B-AC99-4BB3-AE19-AD45EA6AE0DD}.Debug|x86.ActiveCfg = Debug|Win32
		{08BAD26B-AC99-4BB3-AE19-AD45EA6AE0DD}.Debug|x86.Build.0 = Debug|Win32
		{08BAD26B-AC99-4BB3-AE19-AD45EA6AE0DD}.Release|x64.ActiveCfg = Release|x64
		{08BAD26B-AC99-4BB3-AE19-AD45EA6AE0DD}.Release|x64.Build.0 = Release|x64
		{08BAD26B-AC99-4BB3-AE19-AD45EA6AE0DD}.Release|x86.ActiveCfg = Release|Win32
		{08BAD26B-AC99-4BB3-AE19-AD45EA6AE0DD}.Release|x86.Build.0 = Release|Win32
		{D313D610-559C-441A-BE7F-6C4318D53351}.Debug|x64.ActiveCfg = Debug|x64
		{D313D610-559C-441A-BE7F-6C4318D53351}.Debug|x64.Build.0 = Debug|x64
		{D313D610-559C-441A-BE7F-6C4318D53351}.Debug|x86.ActiveCfg = Debug|Win32
		{D313D610-559C-441A-BE7F-6C4318D53351}.Debug|x86.Build.0 = Debug|Win32
		{D313D610-559C-441A-BE7F-6C4318D53351}.Release|x64.ActiveCfg = Release|x64
		{D313D610-559C-441A-BE7F-6C4318D53351}.Release|x64.Build.0 = Release|x64
		{D313D610-559C-441A-BE7F-6C4318D53351}.Release|x86.ActiveCfg = Release|Win32
		{D313D610-559C-441A-BE7F-6C4318D53351}.Release|x86.Build.0 = Release|Win32
		{D7488CC3-B7BA-4BAF-8D79-D0056BF5E52A}.Debug|x64.ActiveCfg = Debug|x64
		{D7488CC3-B7BA-4BAF-8D79-D0056BF5E52A}.Debug|x64.Build.0 = Debug|x64
		{D7488CC3-B7BA-4BAF-8D79-D0056BF5E52A}.Debug|x86.ActiveCfg = Debug|Win32
		{D7488CC3-B7BA-4BAF-8D79-D0056BF5E52A}.Debug|x86.Build.0 = Debug|Win32
		{D7488CC3-B7BA-4BAF-8D79-D0056BF5E52A}.Release|x64.ActiveCfg = Release|x64
		{D7488CC3-B7BA-4BAF-8D79-D0056BF5E52A}.Release|x64.Build.0 = Release|x64
		{D7488CC3-B7BA-4BAF-8D79-D0056BF5E52A}.Release|x86.ActiveCfg = Release|Win32
		{D7488CC3-B7BA-4BAF-8D79-D0056BF5E52A}.Release|x86.Build.0 = Release|Win32
		{B8D5972C-004E-46C0-960C-72C1F0117F4E}.Debug|x64.ActiveCfg = Debug|x64
		{B8D5972C-004E-46C0-960C-72C1F0117F4E}.Debug|x64.Build.0 = Debug|x64
		{B8D5972C-004E-46C0-960C-72C1F0117F4E}.Debug|x86.ActiveCfg = Debug|Win32
		{B8D5972C-004E-46C0-960C-72C1F0117F4E}.Debug|x86.Build.0 = Debug|Win32
		{B8D5972C-004E-46C0-960C-72C1F0117F4E}.Release|x64.ActiveCfg = Release|x64
		{B8D5972C-004E-46C0-960C-72C1F0117F4E}.Release|x64.Build.0 = Release|x64
		{B8D5972C-004E-46C0-960C-72C1F0117F4E}.Release|x86.ActiveCfg = Release|Win32
		{B8D5972C-004E-46C0-960C-72C1F0117F4E}.Release|x86.Build.0 = Release|Win32
		{D1AAED37-425B-405F-AC6A-53CE4471ACBD}.Debug|x64.ActiveCfg = Debug|x64
		{D1AAED37-425B-405F-AC6A-53CE4471ACBD}.Debug|x64.Build.0 = Debug|x64
		{D1AAED37-425B-405F-AC6A-53CE4471ACBD}.Debug|x86.ActiveCfg = Debug|Win32
		{D1AAED37-425B-405F-AC6A-53CE4471ACBD}.Debug|x86.Build.0 = Debug|Win32
		{D1AAED37-425B-405F-AC6A-53CE4471ACBD}.Release|x64.ActiveCfg = Release|x64
		{D1AAED37-425B-405F-AC6A-53CE4471ACBD}.Release|x64.Build.0 = Release|x64
		{D1AAED37-425B-405F-AC6A-53CE4471ACBD}.Release|x86.ActiveCfg = Release|Win32
		{D1AAED37-425B-405F-AC6A-53CE4471ACBD}.Release|x86.Build.0 = Release|Win32
		{F65D25D2-5BF0-4D0F-A863-E2CB7CA41F41}.Debug|x64.ActiveCfg = Debug|x64
		{F65D25D2-5BF0-4D0F-A863-E2CB7CA41F41}.Debug|x64.Build.0 = Debug|x64
		{F65D25D2-5BF0-4D0F-A863-E2CB7CA41F41}.Debug|x86.ActiveCfg = Debug|Win32
		{F65D25D2-5BF0-4D0F-A863-E2CB7CA41F41}.Debug|x86.Build.0 = Debug|Win32
		{F65D25D2-5BF0-4D0F-A863-E2CB7CA41F41}.Release|x64.ActiveCfg = Release|x64
		{F65D25D2-5BF0-4D0F-A863-E2CB7CA41F41}.Release|x64.Build.0 = Release|x64
		{F65D25D2-5BF0-4D0F-A863-E2CB7CA41F41}.Release|x86.ActiveCfg = Release|Win32
		{F65D25D2-5BF0-4D0F-A863-E2CB7CA41F41}.Release|x86.Build.0 = Release|Win32
		{662F1DFA-5F04-4FB5-9086-B2F685D544D4}.Debug|x64.ActiveCfg = Debug|x64
		{662F1DFA-5F04-4FB5-9086-B2F685D544D4}.Debug|x64.Build.0 = Debug|x64
		{662F1DFA-5F04-4FB5-9086-B2F685D544D4}.Debug|x86.ActiveCfg = Debug|Win32
		{662F1DFA-5F04-4FB5-9086-B2F685D544D4}.Debug|x86.Build.0 = Debug|Win32
		{662F1DFA-5F04-4FB5-9086-B2F685D544D4}.Release|x64.ActiveCfg = Release|x64
		{662F1DFA-5F04-4FB5-9086-B2F685D544D4}.Release|x64.Build.0 = Release|x64
		{662F1DFA-5F04-4FB5-9086-B2F685D544D4}.Release|x86.ActiveCfg = Release|Win32
		{662F1DFA-5F04-4FB5-9086-B2F685D544D4}.Release|x86.Build.0 = Release|Win32
		{271A71DC-0C74-48FC-82B6-AB7103B03E5D}.Debug|x64.ActiveCfg = Debug|x64
		{271A71DC-0C74-48FC-82B6-AB7103B03E5D}.Debug|x64.Build.0 = Debug|x64
		{271A71DC-0C74-48FC-82B6-AB7103B03E5D}.Debug|x86.ActiveCfg = Debug|Win32
		{271A71DC-0C74-48FC-82B6-AB7103B03E5D}.Debug|x86.Build.0 = Debug|Win32
		{271A71DC-0C74-48FC-82B6-AB7103B03E5D}.Release|x64.ActiveCfg = Release|x64
		{271A71DC-0C74-48FC-82B6-AB7103B03E5D}.Release|x64.Build.0 = Release|x64
		{271A71DC-0C74-48FC-82B6-AB7103B03E5D}.Release|x86.ActiveCfg = Release|Win32
		{271A71DC-0C74-48FC-82B6-AB7103B03E5D}.Release|x86.Build.0 = Release|Win32
		{80F84D69-0BC3-433E-AE48-EB3B9A98CE69}.Debug|x64.ActiveCfg = Debug|x64
		{80F84D69-0BC3-433E-AE48-EB3B9A98CE69}.Debug|x64.Build.0 = Debug|x64
		{80F84D69-0BC3-433E-AE48-EB3B9A98CE69}.Debug|x86.ActiveCfg = Debug|Win32
		{80F84D69-0BC3-433E-AE48-EB3B9A98CE69}.Debug|x86.Build.0 = Debug|Win32
		{80F84D69-0BC3-433E-AE48-EB3B9A98CE69}.Release|x64.ActiveCfg = Release|x64
		{80F84D69-0BC3-433E-AE48-EB3B9A98CE69}.Release|x64.Build.0 = Release|x64
		{80F84D69-0BC3-433E-AE48-EB3B9A98CE69}.Release|x86.ActiveCfg = Release|Win32
		{80F84D69-0BC3-433E-AE48-EB3B9A98CE69}.Release|x86.Build.0 = Release|Win32
		{DE862242-A83A-458B-B3D9-5937988F8CF9}.Debug|x64.ActiveCfg = Debug|x64
		{DE862242-A83A-458B-B3D9-5937988F8CF9}.Debug|x64.Build.0 = Debug|x64
		{DE862242-A83A-458B-B3D9-5937988F8CF9}.Debug|x86.ActiveCfg = Debug|Win32
		{DE862242-A83A-458B-B3D9-5937988F8CF9}.Debug|x86.Build.0 = Debug|Win32
		{DE862242-A83A-458B-B3D9-5937988F8CF9}.Release|x64.ActiveCfg = Release|x64
		{DE862242-A83A-458B-B3D9-5937988F8CF9}.Release|x64.Build.0 = Release|x64
		{DE862242-A83A-458B-B3D9-5937988F8CF9}.Release|x86.ActiveCfg = Release|Win32
		{DE862242-A83A-458B-B3D9-5937988F8CF9}.Release|x86.Build.0 = Release|Win32
		{53A9E84D-CD5D-4E26-9F02-067D50E0491B}.Debug|x64.ActiveCfg = Debug|x64
		{53A9E84D-CD5D-4E26-9F02-067D50E0491B}.Debug|x64.Build.0 = Debug|x64
		{53A9E84D-CD5D-4E26-9F02-067D50E0491B}.Debug|x86.ActiveCfg = Debug|Win32
		{53A9E84D-CD5D-4E26-9F02-067D50E0491B}.Debug|x86.Build.0 = Debug|Win32
		{53A9E84D-CD5D-4E26-9F02-067D50E0491B}.Release|x64.ActiveCfg = Release|x64
		{53A9E84D-CD5D-4E26-9F02-067D50E0491B}.Release|x64.Build.0 = Release|x64
		{53A9E84D-CD5D-4E26-9F02-067D50E0491B}.Release|x86.ActiveCfg = Release|Win32
		{53A9E84D-CD5D-4E26-9F02-067D50E0491B}.Release|x86.Build.0 = Release|Win32
		{1F420823-43E6-45B8-9C44-872C255CB8EA}.Debug|x64.ActiveCfg = Debug|x64
		{1F420823-43E6-45B8-9C44-872C255CB8EA}.Debug|x64.Build.0 = Debug|x64
		{1F420823-43E6-45B8-9C44-872C255CB8EA}.Debug|x86.ActiveCfg = Debug|Win32
		{1F420823-43E6-45B8-9C44-872C255CB8EA}.Debug|x86.Build.0 = Debug|Win32
		{1F420823-43E6-45B8-9C44-872C255CB8EA}.Release|x64.ActiveCfg = Release|x64
		{1F420823-43E6-45B8-9C44-872C255CB8EA}.Release|x64.Build.0 = Release|x64
		{1F420823-43E6-45B8-9C44-872C255CB8EA}.Release|x86.ActiveCfg = Release|Win32
		{1F420823-43E6-45B8-9C44-872C255CB8EA}.Release|x86.Build.0 = Release|Win32
	EndGlobalSection
	GlobalSection(SolutionProperties) = preSolution
		HideSolutionNode = FALSE
	EndGlobalSection
	GlobalSection(ExtensibilityGlobals) = postSolution
		SolutionGuid = {BFA408CB-1161-4C00-ADE9-A7B4AC1DD961}
	EndGlobalSection
EndGlobal
